Microsoft Visual Studio Solution File, Format Version 11.00
# Visual Studio 2008

Project("{E6D555F9-A27D-6C56-9E57-D49D26A53B2C}") = "SpaceShootingGame", "Assembly-CSharp-vs.csproj", "{9E56798B-0326-A62D-4E52-9A050A08E5B8}"
EndProject
Global
	GlobalSection(SolutionConfigurationPlatforms) = preSolution
		Debug|Any CPU = Debug|Any CPU
		Release|Any CPU = Release|Any CPU
	EndGlobalSection
	GlobalSection(ProjectConfigurationPlatforms) = postSolution
		{9E56798B-0326-A62D-4E52-9A050A08E5B8}.Debug|Any CPU.ActiveCfg = Debug|Any CPU
		{9E56798B-0326-A62D-4E52-9A050A08E5B8}.Debug|Any CPU.Build.0 = Debug|Any CPU
		{9E56798B-0326-A62D-4E52-9A050A08E5B8}.Release|Any CPU.ActiveCfg = Release|Any CPU
		{9E56798B-0326-A62D-4E52-9A050A08E5B8}.Release|Any CPU.Build.0 = Release|Any CPU
	EndGlobalSection
	GlobalSection(SolutionProperties) = preSolution
		HideSolutionNode = FALSE
	EndGlobalSection
								GlobalSection(MonoDevelopProperties) = preSolution
		StartupItem = Assembly-CSharp.csproj
		Policies = $0
		$0.TextStylePolicy = $1
		$1.inheritsSet = null
		$1.scope = text/x-csharp
		$0.CSharpFormattingPolicy = $2
		$2.inheritsSet = Mono
		$2.inheritsScope = text/x-csharp
		$2.scope = text/x-csharp
		$0.TextStylePolicy = $3
		$3.FileWidth = 120
		$3.TabWidth = 4
		$3.EolMarker = Unix
		$3.inheritsSet = Mono
		$3.inheritsScope = text/plain
		$3.scope = text/plain
	EndGlobalSection

EndGlobal
